// !$*UTF8*$!
{
	archiveVersion = 1;
	classes = {
	};
	objectVersion = 48;
	objects = {

/* Begin PBXBuildFile section */
		4B5FAD5820346D930094863A /* Flash.swift in Sources */ = {isa = PBXBuildFile; fileRef = 4B5FAD5720346D930094863A /* Flash.swift */; };
		4BCD8AA120357FBD005BD161 /* DetectRectangle.swift in Sources */ = {isa = PBXBuildFile; fileRef = 4BCD8AA020357FBD005BD161 /* DetectRectangle.swift */; };
		4BF393712032CD63004CE76A /* AppDelegate.swift in Sources */ = {isa = PBXBuildFile; fileRef = 4BF393702032CD63004CE76A /* AppDelegate.swift */; };
		4BF393762032CD63004CE76A /* Main.storyboard in Resources */ = {isa = PBXBuildFile; fileRef = 4BF393742032CD63004CE76A /* Main.storyboard */; };
		4BF393792032CD63004CE76A /* ScannerAlmond.xcdatamodeld in Sources */ = {isa = PBXBuildFile; fileRef = 4BF393772032CD63004CE76A /* ScannerAlmond.xcdatamodeld */; };
		4BF3937B2032CD63004CE76A /* Assets.xcassets in Resources */ = {isa = PBXBuildFile; fileRef = 4BF3937A2032CD63004CE76A /* Assets.xcassets */; };
		4BF3937E2032CD63004CE76A /* LaunchScreen.storyboard in Resources */ = {isa = PBXBuildFile; fileRef = 4BF3937C2032CD63004CE76A /* LaunchScreen.storyboard */; };
		4BF393872032CD9E004CE76A /* ScannerViewController.swift in Sources */ = {isa = PBXBuildFile; fileRef = 4BF393862032CD9E004CE76A /* ScannerViewController.swift */; };
		93BC8600FC765B7AD012B2C9 /* Pods_ScannerAlmond.framework in Frameworks */ = {isa = PBXBuildFile; fileRef = 54D9F3C2B1F5BD1D05FA9A25 /* Pods_ScannerAlmond.framework */; };
/* End PBXBuildFile section */

/* Begin PBXFileReference section */
		472217178532997308B86AB0 /* Pods-ScannerAlmond.release.xcconfig */ = {isa = PBXFileReference; includeInIndex = 1; lastKnownFileType = text.xcconfig; name = "Pods-ScannerAlmond.release.xcconfig"; path = "Pods/Target Support Files/Pods-ScannerAlmond/Pods-ScannerAlmond.release.xcconfig"; sourceTree = "<group>"; };
		4B5FAD5720346D930094863A /* Flash.swift */ = {isa = PBXFileReference; lastKnownFileType = sourcecode.swift; path = Flash.swift; sourceTree = "<group>"; };
		4BCD8AA020357FBD005BD161 /* DetectRectangle.swift */ = {isa = PBXFileReference; lastKnownFileType = sourcecode.swift; path = DetectRectangle.swift; sourceTree = "<group>"; };
		4BF3936D2032CD63004CE76A /* ScannerAlmond.app */ = {isa = PBXFileReference; explicitFileType = wrapper.application; includeInIndex = 0; path = ScannerAlmond.app; sourceTree = BUILT_PRODUCTS_DIR; };
		4BF393702032CD63004CE76A /* AppDelegate.swift */ = {isa = PBXFileReference; lastKnownFileType = sourcecode.swift; path = AppDelegate.swift; sourceTree = "<group>"; };
		4BF393752032CD63004CE76A /* Base */ = {isa = PBXFileReference; lastKnownFileType = file.storyboard; name = Base; path = Base.lproj/Main.storyboard; sourceTree = "<group>"; };
		4BF393782032CD63004CE76A /* ScannerAlmond.xcdatamodel */ = {isa = PBXFileReference; lastKnownFileType = wrapper.xcdatamodel; path = ScannerAlmond.xcdatamodel; sourceTree = "<group>"; };
		4BF3937A2032CD63004CE76A /* Assets.xcassets */ = {isa = PBXFileReference; lastKnownFileType = folder.assetcatalog; path = Assets.xcassets; sourceTree = "<group>"; };
		4BF3937D2032CD63004CE76A /* Base */ = {isa = PBXFileReference; lastKnownFileType = file.storyboard; name = Base; path = Base.lproj/LaunchScreen.storyboard; sourceTree = "<group>"; };
		4BF3937F2032CD63004CE76A /* Info.plist */ = {isa = PBXFileReference; lastKnownFileType = text.plist.xml; path = Info.plist; sourceTree = "<group>"; };
		4BF393862032CD9E004CE76A /* ScannerViewController.swift */ = {isa = PBXFileReference; lastKnownFileType = sourcecode.swift; path = ScannerViewController.swift; sourceTree = "<group>"; };
		54D9F3C2B1F5BD1D05FA9A25 /* Pods_ScannerAlmond.framework */ = {isa = PBXFileReference; explicitFileType = wrapper.framework; includeInIndex = 0; path = Pods_ScannerAlmond.framework; sourceTree = BUILT_PRODUCTS_DIR; };
		96B04BF8D8889491975CFFAA /* Pods-ScannerAlmond.debug.xcconfig */ = {isa = PBXFileReference; includeInIndex = 1; lastKnownFileType = text.xcconfig; name = "Pods-ScannerAlmond.debug.xcconfig"; path = "Pods/Target Support Files/Pods-ScannerAlmond/Pods-ScannerAlmond.debug.xcconfig"; sourceTree = "<group>"; };
/* End PBXFileReference section */

/* Begin PBXFrameworksBuildPhase section */
		4BF3936A2032CD63004CE76A /* Frameworks */ = {
			isa = PBXFrameworksBuildPhase;
			buildActionMask = 2147483647;
			files = (
				93BC8600FC765B7AD012B2C9 /* Pods_ScannerAlmond.framework in Frameworks */,
			);
			runOnlyForDeploymentPostprocessing = 0;
		};
/* End PBXFrameworksBuildPhase section */

/* Begin PBXGroup section */
		1B92D6D961FADAE3F33993E7 /* Pods */ = {
			isa = PBXGroup;
			children = (
				96B04BF8D8889491975CFFAA /* Pods-ScannerAlmond.debug.xcconfig */,
				472217178532997308B86AB0 /* Pods-ScannerAlmond.release.xcconfig */,
			);
			name = Pods;
			sourceTree = "<group>";
		};
		4B5FAD5420346D670094863A /* Camera */ = {
			isa = PBXGroup;
			children = (
				4B5FAD5720346D930094863A /* Flash.swift */,
				4BCD8AA020357FBD005BD161 /* DetectRectangle.swift */,
			);
			path = Camera;
			sourceTree = "<group>";
		};
		4BF393642032CD63004CE76A = {
			isa = PBXGroup;
			children = (
				4BF3936F2032CD63004CE76A /* ScannerAlmond */,
				4BF3936E2032CD63004CE76A /* Products */,
				1B92D6D961FADAE3F33993E7 /* Pods */,
				50BA6683C2BFE18B65ED7172 /* Frameworks */,
			);
			sourceTree = "<group>";
		};
		4BF3936E2032CD63004CE76A /* Products */ = {
			isa = PBXGroup;
			children = (
				4BF3936D2032CD63004CE76A /* ScannerAlmond.app */,
			);
			name = Products;
			sourceTree = "<group>";
		};
		4BF3936F2032CD63004CE76A /* ScannerAlmond */ = {
			isa = PBXGroup;
			children = (
				4B5FAD5420346D670094863A /* Camera */,
				4BF393852032CD72004CE76A /* Controllers */,
				4BF393702032CD63004CE76A /* AppDelegate.swift */,
				4BF393742032CD63004CE76A /* Main.storyboard */,
				4BF3937A2032CD63004CE76A /* Assets.xcassets */,
				4BF3937C2032CD63004CE76A /* LaunchScreen.storyboard */,
				4BF3937F2032CD63004CE76A /* Info.plist */,
				4BF393772032CD63004CE76A /* ScannerAlmond.xcdatamodeld */,
			);
			path = ScannerAlmond;
			sourceTree = "<group>";
		};
		4BF393852032CD72004CE76A /* Controllers */ = {
			isa = PBXGroup;
			children = (
				4BF393862032CD9E004CE76A /* ScannerViewController.swift */,
			);
			path = Controllers;
			sourceTree = "<group>";
		};
		50BA6683C2BFE18B65ED7172 /* Frameworks */ = {
			isa = PBXGroup;
			children = (
				54D9F3C2B1F5BD1D05FA9A25 /* Pods_ScannerAlmond.framework */,
			);
			name = Frameworks;
			sourceTree = "<group>";
		};
/* End PBXGroup section */

/* Begin PBXNativeTarget section */
		4BF3936C2032CD63004CE76A /* ScannerAlmond */ = {
			isa = PBXNativeTarget;
			buildConfigurationList = 4BF393822032CD63004CE76A /* Build configuration list for PBXNativeTarget "ScannerAlmond" */;
			buildPhases = (
				D3929768A7BE00842FD0A27A /* [CP] Check Pods Manifest.lock */,
				4BF393692032CD63004CE76A /* Sources */,
				4BF3936A2032CD63004CE76A /* Frameworks */,
				4BF3936B2032CD63004CE76A /* Resources */,
				1F6AA8454001A258956C52E5 /* [CP] Embed Pods Frameworks */,
				1492140A3D33053F63EB77E2 /* [CP] Copy Pods Resources */,
			);
			buildRules = (
			);
			dependencies = (
			);
			name = ScannerAlmond;
			productName = ScannerAlmond;
			productReference = 4BF3936D2032CD63004CE76A /* ScannerAlmond.app */;
			productType = "com.apple.product-type.application";
		};
/* End PBXNativeTarget section */

/* Begin PBXProject section */
		4BF393652032CD63004CE76A /* Project object */ = {
			isa = PBXProject;
			attributes = {
				LastSwiftUpdateCheck = 0920;
				LastUpgradeCheck = 0920;
				ORGANIZATIONNAME = apple;
				TargetAttributes = {
					4BF3936C2032CD63004CE76A = {
						CreatedOnToolsVersion = 9.2;
						ProvisioningStyle = Automatic;
					};
				};
			};
			buildConfigurationList = 4BF393682032CD63004CE76A /* Build configuration list for PBXProject "ScannerAlmond" */;
			compatibilityVersion = "Xcode 8.0";
			developmentRegion = en;
			hasScannedForEncodings = 0;
			knownRegions = (
				en,
				Base,
			);
			mainGroup = 4BF393642032CD63004CE76A;
			productRefGroup = 4BF3936E2032CD63004CE76A /* Products */;
			projectDirPath = "";
			projectRoot = "";
			targets = (
				4BF3936C2032CD63004CE76A /* ScannerAlmond */,
			);
		};
/* End PBXProject section */

/* Begin PBXResourcesBuildPhase section */
		4BF3936B2032CD63004CE76A /* Resources */ = {
			isa = PBXResourcesBuildPhase;
			buildActionMask = 2147483647;
			files = (
				4BF3937E2032CD63004CE76A /* LaunchScreen.storyboard in Resources */,
				4BF3937B2032CD63004CE76A /* Assets.xcassets in Resources */,
				4BF393762032CD63004CE76A /* Main.storyboard in Resources */,
			);
			runOnlyForDeploymentPostprocessing = 0;
		};
/* End PBXResourcesBuildPhase section */

/* Begin PBXShellScriptBuildPhase section */
		1492140A3D33053F63EB77E2 /* [CP] Copy Pods Resources */ = {
			isa = PBXShellScriptBuildPhase;
			buildActionMask = 2147483647;
			files = (
			);
			inputPaths = (
			);
			name = "[CP] Copy Pods Resources";
			outputPaths = (
			);
			runOnlyForDeploymentPostprocessing = 0;
			shellPath = /bin/sh;
			shellScript = "\"${SRCROOT}/Pods/Target Support Files/Pods-ScannerAlmond/Pods-ScannerAlmond-resources.sh\"\n";
			showEnvVarsInLog = 0;
		};
		1F6AA8454001A258956C52E5 /* [CP] Embed Pods Frameworks */ = {
			isa = PBXShellScriptBuildPhase;
			buildActionMask = 2147483647;
			files = (
			);
			inputPaths = (
				"${SRCROOT}/Pods/Target Support Files/Pods-ScannerAlmond/Pods-ScannerAlmond-frameworks.sh",
				"${BUILT_PRODUCTS_DIR}/UICircularProgressRing/UICircularProgressRing.framework",
			);
			name = "[CP] Embed Pods Frameworks";
			outputPaths = (
				"${TARGET_BUILD_DIR}/${FRAMEWORKS_FOLDER_PATH}/UICircularProgressRing.framework",
			);
			runOnlyForDeploymentPostprocessing = 0;
			shellPath = /bin/sh;
			shellScript = "\"${SRCROOT}/Pods/Target Support Files/Pods-ScannerAlmond/Pods-ScannerAlmond-frameworks.sh\"\n";
			showEnvVarsInLog = 0;
		};
		D3929768A7BE00842FD0A27A /* [CP] Check Pods Manifest.lock */ = {
			isa = PBXShellScriptBuildPhase;
			buildActionMask = 2147483647;
			files = (
			);
			inputPaths = (
				"${PODS_PODFILE_DIR_PATH}/Podfile.lock",
				"${PODS_ROOT}/Manifest.lock",
			);
			name = "[CP] Check Pods Manifest.lock";
			outputPaths = (
				"$(DERIVED_FILE_DIR)/Pods-ScannerAlmond-checkManifestLockResult.txt",
			);
			runOnlyForDeploymentPostprocessing = 0;
			shellPath = /bin/sh;
			shellScript = "diff \"${PODS_PODFILE_DIR_PATH}/Podfile.lock\" \"${PODS_ROOT}/Manifest.lock\" > /dev/null\nif [ $? != 0 ] ; then\n    # print error to STDERR\n    echo \"error: The sandbox is not in sync with the Podfile.lock. Run 'pod install' or update your CocoaPods installation.\" >&2\n    exit 1\nfi\n# This output is used by Xcode 'outputs' to avoid re-running this script phase.\necho \"SUCCESS\" > \"${SCRIPT_OUTPUT_FILE_0}\"\n";
			showEnvVarsInLog = 0;
		};
/* End PBXShellScriptBuildPhase section */

/* Begin PBXSourcesBuildPhase section */
		4BF393692032CD63004CE76A /* Sources */ = {
			isa = PBXSourcesBuildPhase;
			buildActionMask = 2147483647;
			files = (
				4BCD8AA120357FBD005BD161 /* DetectRectangle.swift in Sources */,
				4B5FAD5820346D930094863A /* Flash.swift in Sources */,
				4BF393792032CD63004CE76A /* ScannerAlmond.xcdatamodeld in Sources */,
				4BF393872032CD9E004CE76A /* ScannerViewController.swift in Sources */,
				4BF393712032CD63004CE76A /* AppDelegate.swift in Sources */,
			);
			runOnlyForDeploymentPostprocessing = 0;
		};
/* End PBXSourcesBuildPhase section */

/* Begin PBXVariantGroup section */
		4BF393742032CD63004CE76A /* Main.storyboard */ = {
			isa = PBXVariantGroup;
			children = (
				4BF393752032CD63004CE76A /* Base */,
			);
			name = Main.storyboard;
			sourceTree = "<group>";
		};
		4BF3937C2032CD63004CE76A /* LaunchScreen.storyboard */ = {
			isa = PBXVariantGroup;
			children = (
				4BF3937D2032CD63004CE76A /* Base */,
			);
			name = LaunchScreen.storyboard;
			sourceTree = "<group>";
		};
/* End PBXVariantGroup section */

/* Begin XCBuildConfiguration section */
		4BF393802032CD63004CE76A /* Debug */ = {
			isa = XCBuildConfiguration;
			buildSettings = {
				ALWAYS_SEARCH_USER_PATHS = NO;
				CLANG_ANALYZER_NONNULL = YES;
				CLANG_ANALYZER_NUMBER_OBJECT_CONVERSION = YES_AGGRESSIVE;
				CLANG_CXX_LANGUAGE_STANDARD = "gnu++14";
				CLANG_CXX_LIBRARY = "libc++";
				CLANG_ENABLE_MODULES = YES;
				CLANG_ENABLE_OBJC_ARC = YES;
				CLANG_WARN_BLOCK_CAPTURE_AUTORELEASING = YES;
				CLANG_WARN_BOOL_CONVERSION = YES;
				CLANG_WARN_COMMA = YES;
				CLANG_WARN_CONSTANT_CONVERSION = YES;
				CLANG_WARN_DIRECT_OBJC_ISA_USAGE = YES_ERROR;
				CLANG_WARN_DOCUMENTATION_COMMENTS = YES;
				CLANG_WARN_EMPTY_BODY = YES;
				CLANG_WARN_ENUM_CONVERSION = YES;
				CLANG_WARN_INFINITE_RECURSION = YES;
				CLANG_WARN_INT_CONVERSION = YES;
				CLANG_WARN_NON_LITERAL_NULL_CONVERSION = YES;
				CLANG_WARN_OBJC_LITERAL_CONVERSION = YES;
				CLANG_WARN_OBJC_ROOT_CLASS = YES_ERROR;
				CLANG_WARN_RANGE_LOOP_ANALYSIS = YES;
				CLANG_WARN_STRICT_PROTOTYPES = YES;
				CLANG_WARN_SUSPICIOUS_MOVE = YES;
				CLANG_WARN_UNGUARDED_AVAILABILITY = YES_AGGRESSIVE;
				CLANG_WARN_UNREACHABLE_CODE = YES;
				CLANG_WARN__DUPLICATE_METHOD_MATCH = YES;
				CODE_SIGN_IDENTITY = "iPhone Developer";
				COPY_PHASE_STRIP = NO;
				DEBUG_INFORMATION_FORMAT = dwarf;
				ENABLE_STRICT_OBJC_MSGSEND = YES;
				ENABLE_TESTABILITY = YES;
				GCC_C_LANGUAGE_STANDARD = gnu11;
				GCC_DYNAMIC_NO_PIC = NO;
				GCC_NO_COMMON_BLOCKS = YES;
				GCC_OPTIMIZATION_LEVEL = 0;
				GCC_PREPROCESSOR_DEFINITIONS = (
					"DEBUG=1",
					"$(inherited)",
				);
				GCC_WARN_64_TO_32_BIT_CONVERSION = YES;
				GCC_WARN_ABOUT_RETURN_TYPE = YES_ERROR;
				GCC_WARN_UNDECLARED_SELECTOR = YES;
				GCC_WARN_UNINITIALIZED_AUTOS = YES_AGGRESSIVE;
				GCC_WARN_UNUSED_FUNCTION = YES;
				GCC_WARN_UNUSED_VARIABLE = YES;
				IPHONEOS_DEPLOYMENT_TARGET = 11.2;
				MTL_ENABLE_DEBUG_INFO = YES;
				ONLY_ACTIVE_ARCH = YES;
				SDKROOT = iphoneos;
				SWIFT_ACTIVE_COMPILATION_CONDITIONS = DEBUG;
				SWIFT_OPTIMIZATION_LEVEL = "-Onone";
			};
			name = Debug;
		};
		4BF393812032CD63004CE76A /* Release */ = {
			isa = XCBuildConfiguration;
			buildSettings = {
				ALWAYS_SEARCH_USER_PATHS = NO;
				CLANG_ANALYZER_NONNULL = YES;
				CLANG_ANALYZER_NUMBER_OBJECT_CONVERSION = YES_AGGRESSIVE;
				CLANG_CXX_LANGUAGE_STANDARD = "gnu++14";
				CLANG_CXX_LIBRARY = "libc++";
				CLANG_ENABLE_MODULES = YES;
				CLANG_ENABLE_OBJC_ARC = YES;
				CLANG_WARN_BLOCK_CAPTURE_AUTORELEASING = YES;
				CLANG_WARN_BOOL_CONVERSION = YES;
				CLANG_WARN_COMMA = YES;
				CLANG_WARN_CONSTANT_CONVERSION = YES;
				CLANG_WARN_DIRECT_OBJC_ISA_USAGE = YES_ERROR;
				CLANG_WARN_DOCUMENTATION_COMMENTS = YES;
				CLANG_WARN_EMPTY_BODY = YES;
				CLANG_WARN_ENUM_CONVERSION = YES;
				CLANG_WARN_INFINITE_RECURSION = YES;
				CLANG_WARN_INT_CONVERSION = YES;
				CLANG_WARN_NON_LITERAL_NULL_CONVERSION = YES;
				CLANG_WARN_OBJC_LITERAL_CONVERSION = YES;
				CLANG_WARN_OBJC_ROOT_CLASS = YES_ERROR;
				CLANG_WARN_RANGE_LOOP_ANALYSIS = YES;
				CLANG_WARN_STRICT_PROTOTYPES = YES;
				CLANG_WARN_SUSPICIOUS_MOVE = YES;
				CLANG_WARN_UNGUARDED_AVAILABILITY = YES_AGGRESSIVE;
				CLANG_WARN_UNREACHABLE_CODE = YES;
				CLANG_WARN__DUPLICATE_METHOD_MATCH = YES;
				CODE_SIGN_IDENTITY = "iPhone Developer";
				COPY_PHASE_STRIP = NO;
				DEBUG_INFORMATION_FORMAT = "dwarf-with-dsym";
				ENABLE_NS_ASSERTIONS = NO;
				ENABLE_STRICT_OBJC_MSGSEND = YES;
				GCC_C_LANGUAGE_STANDARD = gnu11;
				GCC_NO_COMMON_BLOCKS = YES;
				GCC_WARN_64_TO_32_BIT_CONVERSION = YES;
				GCC_WARN_ABOUT_RETURN_TYPE = YES_ERROR;
				GCC_WARN_UNDECLARED_SELECTOR = YES;
				GCC_WARN_UNINITIALIZED_AUTOS = YES_AGGRESSIVE;
				GCC_WARN_UNUSED_FUNCTION = YES;
				GCC_WARN_UNUSED_VARIABLE = YES;
				IPHONEOS_DEPLOYMENT_TARGET = 11.2;
				MTL_ENABLE_DEBUG_INFO = NO;
				SDKROOT = iphoneos;
				SWIFT_OPTIMIZATION_LEVEL = "-Owholemodule";
				VALIDATE_PRODUCT = YES;
			};
			name = Release;
		};
		4BF393832032CD63004CE76A /* Debug */ = {
			isa = XCBuildConfiguration;
			baseConfigurationReference = 96B04BF8D8889491975CFFAA /* Pods-ScannerAlmond.debug.xcconfig */;
			buildSettings = {
				ASSETCATALOG_COMPILER_APPICON_NAME = AppIcon;
				CODE_SIGN_STYLE = Automatic;
				DEVELOPMENT_TEAM = TES48QJK6D;
				INFOPLIST_FILE = ScannerAlmond/Info.plist;
				IPHONEOS_DEPLOYMENT_TARGET = 11.0;
				LD_RUNPATH_SEARCH_PATHS = "$(inherited) @executable_path/Frameworks";
				PRODUCT_BUNDLE_IDENTIFIER = WS.ScannerAlmond;
				PRODUCT_NAME = "$(TARGET_NAME)";
				SWIFT_VERSION = 4.0;
				TARGETED_DEVICE_FAMILY = "1,2";
			};
			name = Debug;
		};
		4BF393842032CD63004CE76A /* Release */ = {
			isa = XCBuildConfiguration;
			baseConfigurationReference = 472217178532997308B86AB0 /* Pods-ScannerAlmond.release.xcconfig */;
			buildSettings = {
				ASSETCATALOG_COMPILER_APPICON_NAME = AppIcon;
				CODE_SIGN_STYLE = Automatic;
				DEVELOPMENT_TEAM = TES48QJK6D;
				INFOPLIST_FILE = ScannerAlmond/Info.plist;
				IPHONEOS_DEPLOYMENT_TARGET = 11.0;
				LD_RUNPATH_SEARCH_PATHS = "$(inherited) @executable_path/Frameworks";
				PRODUCT_BUNDLE_IDENTIFIER = WS.ScannerAlmond;
				PRODUCT_NAME = "$(TARGET_NAME)";
				SWIFT_VERSION = 4.0;
				TARGETED_DEVICE_FAMILY = "1,2";
			};
			name = Release;
		};
/* End XCBuildConfiguration section */

/* Begin XCConfigurationList section */
		4BF393682032CD63004CE76A /* Build configuration list for PBXProject "ScannerAlmond" */ = {
			isa = XCConfigurationList;
			buildConfigurations = (
				4BF393802032CD63004CE76A /* Debug */,
				4BF393812032CD63004CE76A /* Release */,
			);
			defaultConfigurationIsVisible = 0;
			defaultConfigurationName = Release;
		};
		4BF393822032CD63004CE76A /* Build configuration list for PBXNativeTarget "ScannerAlmond" */ = {
			isa = XCConfigurationList;
			buildConfigurations = (
				4BF393832032CD63004CE76A /* Debug */,
				4BF393842032CD63004CE76A /* Release */,
			);
			defaultConfigurationIsVisible = 0;
			defaultConfigurationName = Release;
		};
/* End XCConfigurationList section */

/* Begin XCVersionGroup section */
		4BF393772032CD63004CE76A /* ScannerAlmond.xcdatamodeld */ = {
			isa = XCVersionGroup;
			children = (
				4BF393782032CD63004CE76A /* ScannerAlmond.xcdatamodel */,
			);
			currentVersion = 4BF393782032CD63004CE76A /* ScannerAlmond.xcdatamodel */;
			path = ScannerAlmond.xcdatamodeld;
			sourceTree = "<group>";
			versionGroupType = wrapper.xcdatamodel;
		};
/* End XCVersionGroup section */
	};
	rootObject = 4BF393652032CD63004CE76A /* Project object */;
}
